
Microsoft Visual Studio Solution File, Format Version 12.00
# Visual Studio Version 16
VisualStudioVersion = 16.0.29926.136
MinimumVisualStudioVersion = 10.0.40219.1
Project("{FAE04EC0-301F-11D3-BF4B-00C04F79EFBC}") = "TestCurrency", "TestCurrency.csproj", "{DBFF7749-361C-4EC8-BBF2-C99A169977FF}"
EndProject
Global
	GlobalSection(SolutionConfigurationPlatforms) = preSolution
		Debug|Any CPU = Debug|Any CPU
		Release|Any CPU = Release|Any CPU
	EndGlobalSection
	GlobalSection(ProjectConfigurationPlatforms) = postSolution
		{DBFF7749-361C-4EC8-BBF2-C99A169977FF}.Debug|Any CPU.ActiveCfg = Debug|Any CPU
		{DBFF7749-361C-4EC8-BBF2-C99A169977FF}.Debug|Any CPU.Build.0 = Debug|Any CPU
		{DBFF7749-361C-4EC8-BBF2-C99A169977FF}.Release|Any CPU.ActiveCfg = Release|Any CPU
		{DBFF7749-361C-4EC8-BBF2-C99A169977FF}.Release|Any CPU.Build.0 = Release|Any CPU
	EndGlobalSection
	GlobalSection(SolutionProperties) = preSolution
		HideSolutionNode = FALSE
	EndGlobalSection
	GlobalSection(ExtensibilityGlobals) = postSolution
		SolutionGuid = {F477F6D3-2898-4520-966B-420F81BD2E30}
	EndGlobalSection
EndGlobal
